
Microsoft Visual Studio Solution File, Format Version 12.00
# Visual Studio Version 16
VisualStudioVersion = 16.0.31129.286
MinimumVisualStudioVersion = 10.0.40219.1
Project("{FAE04EC0-301F-11D3-BF4B-00C04F79EFBC}") = "midterm_3_recreation", "midterm_3_recreation\midterm_3_recreation.csproj", "{1222A0A7-2BF0-4325-9849-5B3C908D3121}"
EndProject
Global
	GlobalSection(SolutionConfigurationPlatforms) = preSolution
		Debug|Any CPU = Debug|Any CPU
		Release|Any CPU = Release|Any CPU
	EndGlobalSection
	GlobalSection(ProjectConfigurationPlatforms) = postSolution
		{1222A0A7-2BF0-4325-9849-5B3C908D3121}.Debug|Any CPU.ActiveCfg = Debug|Any CPU
		{1222A0A7-2BF0-4325-9849-5B3C908D3121}.Debug|Any CPU.Build.0 = Debug|Any CPU
		{1222A0A7-2BF0-4325-9849-5B3C908D3121}.Release|Any CPU.ActiveCfg = Release|Any CPU
		{1222A0A7-2BF0-4325-9849-5B3C908D3121}.Release|Any CPU.Build.0 = Release|Any CPU
	EndGlobalSection
	GlobalSection(SolutionProperties) = preSolution
		HideSolutionNode = FALSE
	EndGlobalSection
	GlobalSection(ExtensibilityGlobals) = postSolution
		SolutionGuid = {B712CDE5-847E-4959-A024-4B9F4AFC636C}
	EndGlobalSection
EndGlobal
